
Microsoft Visual Studio Solution File, Format Version 12.00
# Visual Studio Version 16
VisualStudioVersion = 16.0.30717.126
MinimumVisualStudioVersion = 10.0.40219.1
Project("{FAE04EC0-301F-11D3-BF4B-00C04F79EFBC}") = "F4_NAVAL_BATTLE_TEST", "F4_NAVAL_BATTLE_TEST\F4_NAVAL_BATTLE_TEST.csproj", "{F63478B8-78A6-4D1B-9E85-BF4389AA0264}"
EndProject
Global
	GlobalSection(SolutionConfigurationPlatforms) = preSolution
		Debug|Any CPU = Debug|Any CPU
		Release|Any CPU = Release|Any CPU
	EndGlobalSection
	GlobalSection(ProjectConfigurationPlatforms) = postSolution
		{F63478B8-78A6-4D1B-9E85-BF4389AA0264}.Debug|Any CPU.ActiveCfg = Debug|Any CPU
		{F63478B8-78A6-4D1B-9E85-BF4389AA0264}.Debug|Any CPU.Build.0 = Debug|Any CPU
		{F63478B8-78A6-4D1B-9E85-BF4389AA0264}.Release|Any CPU.ActiveCfg = Release|Any CPU
		{F63478B8-78A6-4D1B-9E85-BF4389AA0264}.Release|Any CPU.Build.0 = Release|Any CPU
	EndGlobalSection
	GlobalSection(SolutionProperties) = preSolution
		HideSolutionNode = FALSE
	EndGlobalSection
	GlobalSection(ExtensibilityGlobals) = postSolution
		SolutionGuid = {4E6C8BAF-25DD-4563-820A-9ECFF2153F7B}
	EndGlobalSection
EndGlobal
